
Microsoft Visual Studio Solution File, Format Version 12.00
# Visual Studio 15
VisualStudioVersion = 15.0.27703.2000
MinimumVisualStudioVersion = 10.0.40219.1
Project("{FAE04EC0-301F-11D3-BF4B-00C04F79EFBC}") = "Warrens_Flipchip_Tester", "Warrens_Flipchip_Tester\Warrens_Flipchip_Tester.csproj", "{75E18E14-EE27-4FCE-842D-52983A86937B}"
	ProjectSection(ProjectDependencies) = postProject
		{D2778BA5-04F0-4428-9847-ED81D9B55234} = {D2778BA5-04F0-4428-9847-ED81D9B55234}
	EndProjectSection
EndProject
Project("{FAE04EC0-301F-11D3-BF4B-00C04F79EFBC}") = "libMPSSEWrapper", "libMPSSEWrapper\libMPSSEWrapper.csproj", "{D2778BA5-04F0-4428-9847-ED81D9B55234}"
EndProject
Project("{2150E333-8FDC-42A3-9474-1A3956D46DE8}") = "Solution Items", "Solution Items", "{0B0DA621-94B9-4D78-9C0D-F53D9677A86E}"
	ProjectSection(SolutionItems) = preProject
		LICENSE = LICENSE
		README.md = README.md
		USB-SPI_Notes.txt = USB-SPI_Notes.txt
	EndProjectSection
EndProject
Project("{8BC9CEB8-8B4A-11D0-8D11-00A0C91BC942}") = "SPI_Test_Using_C++", "SPI_Test_Using_C++\SPI_Test_Using_C++.vcxproj", "{D261AB57-6C5B-43E7-927E-D720D6986BBD}"
EndProject
Project("{8BC9CEB8-8B4A-11D0-8D11-00A0C91BC942}") = "SpiTestGui", "SpiTestGui\SpiTestGui.vcxproj", "{E98F7974-F5DA-43E7-B2A9-95C876F1758C}"
EndProject
Project("{8BC9CEB8-8B4A-11D0-8D11-00A0C91BC942}") = "SPI_Dynamic", "SPI_Dynamic\SPI_Dynamic.vcxproj", "{AF24120C-6CE6-4131-8057-2C442F0CC39C}"
EndProject
Project("{8BC9CEB8-8B4A-11D0-8D11-00A0C91BC942}") = "SPI_High_Speed", "SPI_High_Speed\SPI_High_Speed.vcxproj", "{E4529165-FC6F-4412-93EC-DCD6D79F2763}"
EndProject
Global
	GlobalSection(SolutionConfigurationPlatforms) = preSolution
		Debug|Any CPU = Debug|Any CPU
		Debug|x64 = Debug|x64
		Debug|x86 = Debug|x86
		Release|Any CPU = Release|Any CPU
		Release|x64 = Release|x64
		Release|x86 = Release|x86
	EndGlobalSection
	GlobalSection(ProjectConfigurationPlatforms) = postSolution
		{75E18E14-EE27-4FCE-842D-52983A86937B}.Debug|Any CPU.ActiveCfg = Debug|Any CPU
		{75E18E14-EE27-4FCE-842D-52983A86937B}.Debug|Any CPU.Build.0 = Debug|Any CPU
		{75E18E14-EE27-4FCE-842D-52983A86937B}.Debug|x64.ActiveCfg = Debug|Any CPU
		{75E18E14-EE27-4FCE-842D-52983A86937B}.Debug|x64.Build.0 = Debug|Any CPU
		{75E18E14-EE27-4FCE-842D-52983A86937B}.Debug|x86.ActiveCfg = Debug|Any CPU
		{75E18E14-EE27-4FCE-842D-52983A86937B}.Debug|x86.Build.0 = Debug|Any CPU
		{75E18E14-EE27-4FCE-842D-52983A86937B}.Release|Any CPU.ActiveCfg = Release|Any CPU
		{75E18E14-EE27-4FCE-842D-52983A86937B}.Release|Any CPU.Build.0 = Release|Any CPU
		{75E18E14-EE27-4FCE-842D-52983A86937B}.Release|x64.ActiveCfg = Release|Any CPU
		{75E18E14-EE27-4FCE-842D-52983A86937B}.Release|x64.Build.0 = Release|Any CPU
		{75E18E14-EE27-4FCE-842D-52983A86937B}.Release|x86.ActiveCfg = Release|Any CPU
		{75E18E14-EE27-4FCE-842D-52983A86937B}.Release|x86.Build.0 = Release|Any CPU
		{D2778BA5-04F0-4428-9847-ED81D9B55234}.Debug|Any CPU.ActiveCfg = Debug|Any CPU
		{D2778BA5-04F0-4428-9847-ED81D9B55234}.Debug|Any CPU.Build.0 = Debug|Any CPU
		{D2778BA5-04F0-4428-9847-ED81D9B55234}.Debug|x64.ActiveCfg = Debug|Any CPU
		{D2778BA5-04F0-4428-9847-ED81D9B55234}.Debug|x64.Build.0 = Debug|Any CPU
		{D2778BA5-04F0-4428-9847-ED81D9B55234}.Debug|x86.ActiveCfg = Debug|Any CPU
		{D2778BA5-04F0-4428-9847-ED81D9B55234}.Debug|x86.Build.0 = Debug|Any CPU
		{D2778BA5-04F0-4428-9847-ED81D9B55234}.Release|Any CPU.ActiveCfg = Release|Any CPU
		{D2778BA5-04F0-4428-9847-ED81D9B55234}.Release|Any CPU.Build.0 = Release|Any CPU
		{D2778BA5-04F0-4428-9847-ED81D9B55234}.Release|x64.ActiveCfg = Release|Any CPU
		{D2778BA5-04F0-4428-9847-ED81D9B55234}.Release|x64.Build.0 = Release|Any CPU
		{D2778BA5-04F0-4428-9847-ED81D9B55234}.Release|x86.ActiveCfg = Release|Any CPU
		{D2778BA5-04F0-4428-9847-ED81D9B55234}.Release|x86.Build.0 = Release|Any CPU
		{D261AB57-6C5B-43E7-927E-D720D6986BBD}.Debug|Any CPU.ActiveCfg = Debug|Win32
		{D261AB57-6C5B-43E7-927E-D720D6986BBD}.Debug|x64.ActiveCfg = Debug|x64
		{D261AB57-6C5B-43E7-927E-D720D6986BBD}.Debug|x64.Build.0 = Debug|x64
		{D261AB57-6C5B-43E7-927E-D720D6986BBD}.Debug|x86.ActiveCfg = Debug|Win32
		{D261AB57-6C5B-43E7-927E-D720D6986BBD}.Debug|x86.Build.0 = Debug|Win32
		{D261AB57-6C5B-43E7-927E-D720D6986BBD}.Release|Any CPU.ActiveCfg = Release|Win32
		{D261AB57-6C5B-43E7-927E-D720D6986BBD}.Release|x64.ActiveCfg = Release|x64
		{D261AB57-6C5B-43E7-927E-D720D6986BBD}.Release|x64.Build.0 = Release|x64
		{D261AB57-6C5B-43E7-927E-D720D6986BBD}.Release|x86.ActiveCfg = Release|Win32
		{D261AB57-6C5B-43E7-927E-D720D6986BBD}.Release|x86.Build.0 = Release|Win32
		{E98F7974-F5DA-43E7-B2A9-95C876F1758C}.Debug|Any CPU.ActiveCfg = Debug|Win32
		{E98F7974-F5DA-43E7-B2A9-95C876F1758C}.Debug|x64.ActiveCfg = Debug|x64
		{E98F7974-F5DA-43E7-B2A9-95C876F1758C}.Debug|x64.Build.0 = Debug|x64
		{E98F7974-F5DA-43E7-B2A9-95C876F1758C}.Debug|x86.ActiveCfg = Debug|Win32
		{E98F7974-F5DA-43E7-B2A9-95C876F1758C}.Debug|x86.Build.0 = Debug|Win32
		{E98F7974-F5DA-43E7-B2A9-95C876F1758C}.Release|Any CPU.ActiveCfg = Release|Win32
		{E98F7974-F5DA-43E7-B2A9-95C876F1758C}.Release|x64.ActiveCfg = Release|x64
		{E98F7974-F5DA-43E7-B2A9-95C876F1758C}.Release|x64.Build.0 = Release|x64
		{E98F7974-F5DA-43E7-B2A9-95C876F1758C}.Release|x86.ActiveCfg = Release|Win32
		{E98F7974-F5DA-43E7-B2A9-95C876F1758C}.Release|x86.Build.0 = Release|Win32
		{AF24120C-6CE6-4131-8057-2C442F0CC39C}.Debug|Any CPU.ActiveCfg = Debug|Win32
		{AF24120C-6CE6-4131-8057-2C442F0CC39C}.Debug|x64.ActiveCfg = Debug|Win32
		{AF24120C-6CE6-4131-8057-2C442F0CC39C}.Debug|x86.ActiveCfg = Debug|Win32
		{AF24120C-6CE6-4131-8057-2C442F0CC39C}.Debug|x86.Build.0 = Debug|Win32
		{AF24120C-6CE6-4131-8057-2C442F0CC39C}.Release|Any CPU.ActiveCfg = Release|Win32
		{AF24120C-6CE6-4131-8057-2C442F0CC39C}.Release|x64.ActiveCfg = Release|Win32
		{AF24120C-6CE6-4131-8057-2C442F0CC39C}.Release|x86.ActiveCfg = Release|Win32
		{AF24120C-6CE6-4131-8057-2C442F0CC39C}.Release|x86.Build.0 = Release|Win32
		{E4529165-FC6F-4412-93EC-DCD6D79F2763}.Debug|Any CPU.ActiveCfg = Debug|Win32
		{E4529165-FC6F-4412-93EC-DCD6D79F2763}.Debug|x64.ActiveCfg = Debug|x64
		{E4529165-FC6F-4412-93EC-DCD6D79F2763}.Debug|x64.Build.0 = Debug|x64
		{E4529165-FC6F-4412-93EC-DCD6D79F2763}.Debug|x86.ActiveCfg = Debug|Win32
		{E4529165-FC6F-4412-93EC-DCD6D79F2763}.Debug|x86.Build.0 = Debug|Win32
		{E4529165-FC6F-4412-93EC-DCD6D79F2763}.Release|Any CPU.ActiveCfg = Release|Win32
		{E4529165-FC6F-4412-93EC-DCD6D79F2763}.Release|x64.ActiveCfg = Release|x64
		{E4529165-FC6F-4412-93EC-DCD6D79F2763}.Release|x64.Build.0 = Release|x64
		{E4529165-FC6F-4412-93EC-DCD6D79F2763}.Release|x86.ActiveCfg = Release|Win32
		{E4529165-FC6F-4412-93EC-DCD6D79F2763}.Release|x86.Build.0 = Release|Win32
	EndGlobalSection
	GlobalSection(SolutionProperties) = preSolution
		HideSolutionNode = FALSE
	EndGlobalSection
	GlobalSection(ExtensibilityGlobals) = postSolution
		SolutionGuid = {E8C15082-2FA7-4587-8D3B-DD4A1F5DE4A8}
	EndGlobalSection
	GlobalSection(Performance) = preSolution
		HasPerformanceSessions = true
	EndGlobalSection
	GlobalSection(Performance) = preSolution
		HasPerformanceSessions = true
	EndGlobalSection
	GlobalSection(Performance) = preSolution
		HasPerformanceSessions = true
	EndGlobalSection
EndGlobal
